PODS:
  - HydraAsync (1.0.0)
  - SwiftyJSON (3.1.4)

DEPENDENCIES:
  - HydraAsync (~> 1.0.0)
  - SwiftyJSON

SPEC CHECKSUMS:
  HydraAsync: 511bed12df0fff156bf5f8ec386a1508006bd3de
  SwiftyJSON: c2842d878f95482ffceec5709abc3d05680c0220

PODFILE CHECKSUM: a392859e073569b38f3675e5357a1adf3c3db6fd

COCOAPODS: 1.2.1
